
Microsoft Visual Studio Solution File, Format Version 12.00
# Visual Studio 15
VisualStudioVersion = 15.0.26730.16
MinimumVisualStudioVersion = 10.0.40219.1
Project("{FAE04EC0-301F-11D3-BF4B-00C04F79EFBC}") = "AddressBook", "AddressBook\AddressBook.csproj", "{FA18E929-B356-42EA-88B5-DADEB82D19A0}"
EndProject
Project("{FAE04EC0-301F-11D3-BF4B-00C04F79EFBC}") = "AddressBook.DataAccess", "AddressBook.DataAccess\AddressBook.DataAccess.csproj", "{5DC917DA-2958-419D-96AC-C430A6F562D8}"
EndProject
Global
	GlobalSection(SolutionConfigurationPlatforms) = preSolution
		Debug|Any CPU = Debug|Any CPU
		Release|Any CPU = Release|Any CPU
	EndGlobalSection
	GlobalSection(ProjectConfigurationPlatforms) = postSolution
		{FA18E929-B356-42EA-88B5-DADEB82D19A0}.Debug|Any CPU.ActiveCfg = Debug|Any CPU
		{FA18E929-B356-42EA-88B5-DADEB82D19A0}.Debug|Any CPU.Build.0 = Debug|Any CPU
		{FA18E929-B356-42EA-88B5-DADEB82D19A0}.Release|Any CPU.ActiveCfg = Release|Any CPU
		{FA18E929-B356-42EA-88B5-DADEB82D19A0}.Release|Any CPU.Build.0 = Release|Any CPU
		{5DC917DA-2958-419D-96AC-C430A6F562D8}.Debug|Any CPU.ActiveCfg = Debug|Any CPU
		{5DC917DA-2958-419D-96AC-C430A6F562D8}.Debug|Any CPU.Build.0 = Debug|Any CPU
		{5DC917DA-2958-419D-96AC-C430A6F562D8}.Release|Any CPU.ActiveCfg = Release|Any CPU
		{5DC917DA-2958-419D-96AC-C430A6F562D8}.Release|Any CPU.Build.0 = Release|Any CPU
	EndGlobalSection
	GlobalSection(SolutionProperties) = preSolution
		HideSolutionNode = FALSE
	EndGlobalSection
	GlobalSection(ExtensibilityGlobals) = postSolution
		SolutionGuid = {9F2C063A-77CF-4F7A-8FA7-211018467D50}
	EndGlobalSection
EndGlobal
